
Microsoft Visual Studio Solution File, Format Version 12.00
# Visual Studio Version 17
VisualStudioVersion = 17.9.34728.123
MinimumVisualStudioVersion = 10.0.40219.1
Project("{FAE04EC0-301F-11D3-BF4B-00C04F79EFBC}") = "WebAPI", "WebAPI\WebAPI.csproj", "{DA54C1E2-2C65-4157-864A-88DF56A87BCE}"
EndProject
Global
	GlobalSection(SolutionConfigurationPlatforms) = preSolution
		Debug|Any CPU = Debug|Any CPU
		Release|Any CPU = Release|Any CPU
	EndGlobalSection
	GlobalSection(ProjectConfigurationPlatforms) = postSolution
		{DA54C1E2-2C65-4157-864A-88DF56A87BCE}.Debug|Any CPU.ActiveCfg = Debug|Any CPU
		{DA54C1E2-2C65-4157-864A-88DF56A87BCE}.Debug|Any CPU.Build.0 = Debug|Any CPU
		{DA54C1E2-2C65-4157-864A-88DF56A87BCE}.Release|Any CPU.ActiveCfg = Release|Any CPU
		{DA54C1E2-2C65-4157-864A-88DF56A87BCE}.Release|Any CPU.Build.0 = Release|Any CPU
	EndGlobalSection
	GlobalSection(SolutionProperties) = preSolution
		HideSolutionNode = FALSE
	EndGlobalSection
	GlobalSection(ExtensibilityGlobals) = postSolution
		SolutionGuid = {05E5C9B6-8A0E-49BA-8E63-ADD27FC42ACE}
	EndGlobalSection
EndGlobal
