
Microsoft Visual Studio Solution File, Format Version 12.00
# Visual Studio Version 17
VisualStudioVersion = 17.9.34728.123
MinimumVisualStudioVersion = 10.0.40219.1
Project("{FAE04EC0-301F-11D3-BF4B-00C04F79EFBC}") = "WebAPI", "WebAPI\WebAPI.csproj", "{3B53424C-A6D4-4465-9141-62AEFA37FE9B}"
EndProject
Project("{FAE04EC0-301F-11D3-BF4B-00C04F79EFBC}") = "Data", "Data\Data.csproj", "{A432A404-7C93-47CC-9CEA-0AADFB2C9108}"
EndProject
Project("{FAE04EC0-301F-11D3-BF4B-00C04F79EFBC}") = "Services", "Services\Services.csproj", "{586C459E-3AC7-4346-AEBF-F01E56880483}"
EndProject
Project("{FAE04EC0-301F-11D3-BF4B-00C04F79EFBC}") = "Contracts", "Contracts\Contracts.csproj", "{4D3A366A-EC1C-4796-A724-1180FCDFE165}"
EndProject
Global
	GlobalSection(SolutionConfigurationPlatforms) = preSolution
		Debug|Any CPU = Debug|Any CPU
		Release|Any CPU = Release|Any CPU
	EndGlobalSection
	GlobalSection(ProjectConfigurationPlatforms) = postSolution
		{3B53424C-A6D4-4465-9141-62AEFA37FE9B}.Debug|Any CPU.ActiveCfg = Debug|Any CPU
		{3B53424C-A6D4-4465-9141-62AEFA37FE9B}.Debug|Any CPU.Build.0 = Debug|Any CPU
		{3B53424C-A6D4-4465-9141-62AEFA37FE9B}.Release|Any CPU.ActiveCfg = Release|Any CPU
		{3B53424C-A6D4-4465-9141-62AEFA37FE9B}.Release|Any CPU.Build.0 = Release|Any CPU
		{A432A404-7C93-47CC-9CEA-0AADFB2C9108}.Debug|Any CPU.ActiveCfg = Debug|Any CPU
		{A432A404-7C93-47CC-9CEA-0AADFB2C9108}.Debug|Any CPU.Build.0 = Debug|Any CPU
		{A432A404-7C93-47CC-9CEA-0AADFB2C9108}.Release|Any CPU.ActiveCfg = Release|Any CPU
		{A432A404-7C93-47CC-9CEA-0AADFB2C9108}.Release|Any CPU.Build.0 = Release|Any CPU
		{586C459E-3AC7-4346-AEBF-F01E56880483}.Debug|Any CPU.ActiveCfg = Debug|Any CPU
		{586C459E-3AC7-4346-AEBF-F01E56880483}.Debug|Any CPU.Build.0 = Debug|Any CPU
		{586C459E-3AC7-4346-AEBF-F01E56880483}.Release|Any CPU.ActiveCfg = Release|Any CPU
		{586C459E-3AC7-4346-AEBF-F01E56880483}.Release|Any CPU.Build.0 = Release|Any CPU
		{4D3A366A-EC1C-4796-A724-1180FCDFE165}.Debug|Any CPU.ActiveCfg = Debug|Any CPU
		{4D3A366A-EC1C-4796-A724-1180FCDFE165}.Debug|Any CPU.Build.0 = Debug|Any CPU
		{4D3A366A-EC1C-4796-A724-1180FCDFE165}.Release|Any CPU.ActiveCfg = Release|Any CPU
		{4D3A366A-EC1C-4796-A724-1180FCDFE165}.Release|Any CPU.Build.0 = Release|Any CPU
	EndGlobalSection
	GlobalSection(SolutionProperties) = preSolution
		HideSolutionNode = FALSE
	EndGlobalSection
	GlobalSection(ExtensibilityGlobals) = postSolution
		SolutionGuid = {05E5C9B6-8A0E-49BA-8E63-ADD27FC42ACE}
	EndGlobalSection
EndGlobal
